
Microsoft Visual Studio Solution File, Format Version 12.00
# Visual Studio Version 16
VisualStudioVersion = 16.0.29123.88
MinimumVisualStudioVersion = 10.0.40219.1
Project("{FAE04EC0-301F-11D3-BF4B-00C04F79EFBC}") = "TeduShop.Common", "TeduShop.Common\TeduShop.Common.csproj", "{5A74224E-80F7-44D3-AB37-473981D0B8A9}"
EndProject
Project("{FAE04EC0-301F-11D3-BF4B-00C04F79EFBC}") = "TeduShop.Service", "TeduShop.Service\TeduShop.Service.csproj", "{6A14065D-1A58-4C93-9E65-F3E25D274E29}"
EndProject
Project("{FAE04EC0-301F-11D3-BF4B-00C04F79EFBC}") = "TeduShop.Web", "TeduShop.Web\TeduShop.Web.csproj", "{25361538-B929-4318-98D4-8C9D8315FE5E}"
EndProject
Project("{FAE04EC0-301F-11D3-BF4B-00C04F79EFBC}") = "TeduShop.Model", "TeduShop.Model\TeduShop.Model.csproj", "{FED69FB5-6842-4819-B3B8-160DD0988A2E}"
EndProject
Project("{FAE04EC0-301F-11D3-BF4B-00C04F79EFBC}") = "TeduShop.Data", "TeduShop.Data\TeduShop.Data.csproj", "{61E58AF7-E673-44F0-A5BF-E12540CEEE21}"
EndProject
Project("{FAE04EC0-301F-11D3-BF4B-00C04F79EFBC}") = "TeduShop.UnitTest", "TeduShop.UnitTest\TeduShop.UnitTest.csproj", "{C7AF3386-331A-45A7-AD8B-49CBF91077C0}"
EndProject
Global
	GlobalSection(SolutionConfigurationPlatforms) = preSolution
		Debug|Any CPU = Debug|Any CPU
		Release|Any CPU = Release|Any CPU
	EndGlobalSection
	GlobalSection(ProjectConfigurationPlatforms) = postSolution
		{5A74224E-80F7-44D3-AB37-473981D0B8A9}.Debug|Any CPU.ActiveCfg = Debug|Any CPU
		{5A74224E-80F7-44D3-AB37-473981D0B8A9}.Debug|Any CPU.Build.0 = Debug|Any CPU
		{5A74224E-80F7-44D3-AB37-473981D0B8A9}.Release|Any CPU.ActiveCfg = Release|Any CPU
		{5A74224E-80F7-44D3-AB37-473981D0B8A9}.Release|Any CPU.Build.0 = Release|Any CPU
		{6A14065D-1A58-4C93-9E65-F3E25D274E29}.Debug|Any CPU.ActiveCfg = Debug|Any CPU
		{6A14065D-1A58-4C93-9E65-F3E25D274E29}.Debug|Any CPU.Build.0 = Debug|Any CPU
		{6A14065D-1A58-4C93-9E65-F3E25D274E29}.Release|Any CPU.ActiveCfg = Release|Any CPU
		{6A14065D-1A58-4C93-9E65-F3E25D274E29}.Release|Any CPU.Build.0 = Release|Any CPU
		{25361538-B929-4318-98D4-8C9D8315FE5E}.Debug|Any CPU.ActiveCfg = Debug|Any CPU
		{25361538-B929-4318-98D4-8C9D8315FE5E}.Debug|Any CPU.Build.0 = Debug|Any CPU
		{25361538-B929-4318-98D4-8C9D8315FE5E}.Release|Any CPU.ActiveCfg = Release|Any CPU
		{25361538-B929-4318-98D4-8C9D8315FE5E}.Release|Any CPU.Build.0 = Release|Any CPU
		{FED69FB5-6842-4819-B3B8-160DD0988A2E}.Debug|Any CPU.ActiveCfg = Debug|Any CPU
		{FED69FB5-6842-4819-B3B8-160DD0988A2E}.Debug|Any CPU.Build.0 = Debug|Any CPU
		{FED69FB5-6842-4819-B3B8-160DD0988A2E}.Release|Any CPU.ActiveCfg = Release|Any CPU
		{FED69FB5-6842-4819-B3B8-160DD0988A2E}.Release|Any CPU.Build.0 = Release|Any CPU
		{61E58AF7-E673-44F0-A5BF-E12540CEEE21}.Debug|Any CPU.ActiveCfg = Debug|Any CPU
		{61E58AF7-E673-44F0-A5BF-E12540CEEE21}.Debug|Any CPU.Build.0 = Debug|Any CPU
		{61E58AF7-E673-44F0-A5BF-E12540CEEE21}.Release|Any CPU.ActiveCfg = Release|Any CPU
		{61E58AF7-E673-44F0-A5BF-E12540CEEE21}.Release|Any CPU.Build.0 = Release|Any CPU
		{C7AF3386-331A-45A7-AD8B-49CBF91077C0}.Debug|Any CPU.ActiveCfg = Debug|Any CPU
		{C7AF3386-331A-45A7-AD8B-49CBF91077C0}.Debug|Any CPU.Build.0 = Debug|Any CPU
		{C7AF3386-331A-45A7-AD8B-49CBF91077C0}.Release|Any CPU.ActiveCfg = Release|Any CPU
		{C7AF3386-331A-45A7-AD8B-49CBF91077C0}.Release|Any CPU.Build.0 = Release|Any CPU
	EndGlobalSection
	GlobalSection(SolutionProperties) = preSolution
		HideSolutionNode = FALSE
	EndGlobalSection
	GlobalSection(ExtensibilityGlobals) = postSolution
		SolutionGuid = {4AE8B38D-072C-4E68-A3CF-0194489F1728}
	EndGlobalSection
EndGlobal
